
Microsoft Visual Studio Solution File, Format Version 12.00
# Visual Studio Version 16
VisualStudioVersion = 16.0.31205.134
MinimumVisualStudioVersion = 10.0.40219.1
Project("{FAE04EC0-301F-11D3-BF4B-00C04F79EFBC}") = "JWT_CORE", "JWT_CORE\JWT_CORE.csproj", "{9AA14A61-39AB-4914-9823-10B017243BE3}"
EndProject
Global
	GlobalSection(SolutionConfigurationPlatforms) = preSolution
		Debug|Any CPU = Debug|Any CPU
		Release|Any CPU = Release|Any CPU
	EndGlobalSection
	GlobalSection(ProjectConfigurationPlatforms) = postSolution
		{9AA14A61-39AB-4914-9823-10B017243BE3}.Debug|Any CPU.ActiveCfg = Debug|Any CPU
		{9AA14A61-39AB-4914-9823-10B017243BE3}.Debug|Any CPU.Build.0 = Debug|Any CPU
		{9AA14A61-39AB-4914-9823-10B017243BE3}.Release|Any CPU.ActiveCfg = Release|Any CPU
		{9AA14A61-39AB-4914-9823-10B017243BE3}.Release|Any CPU.Build.0 = Release|Any CPU
	EndGlobalSection
	GlobalSection(SolutionProperties) = preSolution
		HideSolutionNode = FALSE
	EndGlobalSection
	GlobalSection(ExtensibilityGlobals) = postSolution
		SolutionGuid = {FD0D922D-6D39-4474-8B97-4BE6CDD90F06}
	EndGlobalSection
EndGlobal
